schema: '2.0'
stages:
  ingest:
    cmd:
    - python ingestion/data_ingestion.py
    deps:
    - path: data/mapping.json
      hash: md5
      md5: ca560cb920ae54ed03e552adfb1fb06f
      size: 6054
    - path: data/raw_data/
      hash: md5
      md5: f941a48344d6b4813c536e7eeb258564.dir
      size: 3911604
      nfiles: 4
    - path: ingestion/
      hash: md5
      md5: 155ca1461b4ec34533a39e4eaa5d63de.dir
      size: 42672
      nfiles: 5
    params:
      params.yaml:
        ingestion:
          chunk_size: 1000
          chunk_overlap: 150
          raw_data_dir: data/raw_data
          processed_data_dir: data/processed
    outs:
    - path: data/processed/ai_act_parsed.json
      hash: md5
      md5: 99d76fc87f440d9d30e0f0f5240983b0
      size: 615187
    - path: data/processed/iso_parsed.json
      hash: md5
      md5: 83d3401d4853dd15a401551c2bdb75de
      size: 97874
    - path: data/processed/requirement_chunks.json
      hash: md5
      md5: 16b6d0d3c497bcc8e45c091ea69260af
      size: 121766
  vectorize:
    cmd: python vectorize_data.py
    deps:
    - path: data/processed/requirement_chunks.json
      hash: md5
      md5: 16b6d0d3c497bcc8e45c091ea69260af
      size: 121766
    - path: vectorize_data.py
      hash: md5
      md5: 1a20e218449ca0e8451247d73de33920
      size: 8127
    params:
      params.yaml:
        vectorization:
          model_name: all-MiniLM-L6-v2
          collection_name: legal_docs
          vector_index_path: data/processed/vector_index
    outs:
    - path: data/processed/vector_index
      hash: md5
      md5: f7867f184b501f88194ec9f9d0f2c501.dir
      size: 406061
      nfiles: 4
  precompute_rag:
    cmd: python precompute_rag.py
    deps:
    - path: data/mapping.json
      hash: md5
      md5: 69351bcd3ca7db431ca50d43bd2a6820
      size: 13552
    - path: data/processed/vector_index
      hash: md5
      md5: 6db0afb58a5ec62ad39b9f5431925851.dir
      size: 4678190
      nfiles: 4
    - path: precompute_rag.py
      hash: md5
      md5: f35371c1af7262b79650b6d679fd06de
      size: 7124
    params:
      params.yaml:
        ingestion:
          chunk_size: 1000
          chunk_overlap: 150
          raw_data_dir: data/raw_data
          processed_data_dir: data/processed
        vectorization:
          model_name: all-MiniLM-L6-v2
          collection_name: legal_docs
          vector_index_path: data/processed/vector_index
    outs:
    - path: data/processed/requirement_chunks.json
      hash: md5
      md5: 26696b751ddbf98000d396e6a7383ac7
      size: 96634
  evaluate_rag:
    cmd: python evaluate_rag.py
    deps:
    - path: backend/rag_engine.py
      hash: md5
      md5: 5dc4b3de02d5361c1cf8cbc3e9514ebb
      size: 24906
    - path: data/ground_truth
      hash: md5
      md5: 46db1a03a34b6049f683b2c6a12b9dfa.dir
      size: 7448160
      nfiles: 13
    - path: data/processed/requirement_chunks.json
      hash: md5
      md5: 16b6d0d3c497bcc8e45c091ea69260af
      size: 121766
    - path: evaluate_rag.py
      hash: md5
      md5: 2ed3f1493010435cc1c332ce984472dd
      size: 18270
    - path: evaluation/
      hash: md5
      md5: 76fa86034dd510f1a6924a11e298f545.dir
      size: 54923
      nfiles: 13
    params:
      params.yaml:
        evaluation:
          llm_model: gpt-4o-mini
          llm_temperature: 0.0
          mlflow_experiment: rag_evaluation
          case_selector: 7
          ground_truth:
          - name: Evaluation1
            document_path: 
              data/ground_truth/raw_data/Evaluation1/documentation.txt
            report_path: data/ground_truth/raw_data/Evaluation1/report.CSV
          - name: Evaluation2
            document_path: 
              data/ground_truth/raw_data/Evaluation2/documentation.txt
            report_path: data/ground_truth/raw_data/Evaluation2/report.CSV
          - name: Evaluation3
            document_path: 
              data/ground_truth/raw_data/Evaluation3/documentation.txt
            report_path: data/ground_truth/raw_data/Evaluation3/report.CSV
          - name: Evaluation4
            document_path: 
              data/ground_truth/raw_data/Evaluation4/documentation.txt
            report_path: data/ground_truth/raw_data/Evaluation4/report.CSV
          - name: Evaluation5
            document_path: 
              data/ground_truth/raw_data/Evaluation5/documentation.pdf
          - name: Evaluation6
            document_path: 
              data/ground_truth/raw_data/Evaluation6/documentation.pdf
          - name: Prysmian
            document_path: data/ground_truth/raw_data/Prysmian/documentation.pdf
        rag:
          document_chunk_size: 512
          document_chunk_overlap: 64
          pre_rerank_top_k: 1
          llm_model: gpt-4o-mini
          llm_temperature: 0.0
    outs:
    - path: metrics/rag_eval.json
      hash: md5
      md5: e7e6fd46759c920791d3188d3164251d
      size: 1135
