schema: '2.0'
stages:
  train:
    cmd: python train_model.py
    deps:
    - path: data/
      hash: md5
      md5: 6ffbaaad7b4ac6e1afabed19a80b2560.dir
      size: 0
      nfiles: 1
    - path: params.yaml
      hash: md5
      md5: 190181a863f1db18654d6e70e28e3e2c
      size: 135
    - path: train_model.py
      hash: md5
      md5: 154c4caeef74803e12241151c920014f
      size: 2804
    params:
      params.yaml:
        model:
          max_depth: 5
          n_estimators: 120
          random_state: 42
        train:
          test_size: 0.2
          random_state: 42
    outs:
    - path: metrics.json
      hash: md5
      md5: e53fffc12e23345b3fedebbd08b070b1
      size: 40
    - path: models/model.pkl
      hash: md5
      md5: 2c2c99e7ed9548fa2afc1a2d7bb8b90c
      size: 200977
  ingest:
    cmd: python data_ingestion.py
    deps:
    - path: data/ai_act.pdf
      hash: md5
      md5: a31da461b015738b42cc2f719a9acee4
      size: 2583319
    - path: data/iso.pdf
      hash: md5
      md5: 2ae5af2fc9eea16d8d0d3144b57ca428
      size: 2646955
    - path: data_ingestion.py
      hash: md5
      md5: 1bdd1c37329d416183e46053b392fed3
      size: 3447
    - path: params.yaml
      hash: md5
      md5: 2f2fb88a6143fb2e807e0c541a167c5e
      size: 1607
    params:
      params.yaml:
        ingestion:
          chunk_size: 1000
          chunk_overlap: 150
          raw_data_dir: data
          processed_data_dir: data/processed
    outs:
    - path: data/processed/chunks.json
      hash: md5
      md5: 30dbdcf19f8e7e4d30d649432a56b451
      size: 919736
  vectorize:
    cmd: python vectorize_data.py
    deps:
    - path: data/processed/chunks.json
      hash: md5
      md5: 30dbdcf19f8e7e4d30d649432a56b451
      size: 919736
    - path: params.yaml
      hash: md5
      md5: 2f2fb88a6143fb2e807e0c541a167c5e
      size: 1607
    - path: vectorize_data.py
      hash: md5
      md5: af01fbe91f97d2b288ba81fa052acfb8
      size: 3259
    params:
      params.yaml:
        vectorization:
          model_name: all-MiniLM-L6-v2
          collection_name: legal_docs
          qdrant_host: localhost
          qdrant_port: 6333
          vector_index_path: data/processed/vector_index
    outs:
    - path: data/processed/vector_index
      hash: md5
      md5: ad7a89ac787c3bec0cd4c0f61dfdc062.dir
      size: 5136943
      nfiles: 4
  precompute_rag:
    cmd: python precompute_rag.py
    deps:
    - path: data/mapping.json
      hash: md5
      md5: 69351bcd3ca7db431ca50d43bd2a6820
      size: 13552
    - path: data/processed/vector_index
      hash: md5
      md5: ad7a89ac787c3bec0cd4c0f61dfdc062.dir
      size: 5136943
      nfiles: 4
    - path: params.yaml
      hash: md5
      md5: 2f2fb88a6143fb2e807e0c541a167c5e
      size: 1607
    - path: precompute_rag.py
      hash: md5
      md5: af7142c520a7853e170df3f38f029525
      size: 4701
    params:
      params.yaml:
        ingestion:
          chunk_size: 1000
          chunk_overlap: 150
          raw_data_dir: data
          processed_data_dir: data/processed
        vectorization:
          model_name: all-MiniLM-L6-v2
          collection_name: legal_docs
          qdrant_host: localhost
          qdrant_port: 6333
          vector_index_path: data/processed/vector_index
    outs:
    - path: data/processed/requirement_chunks.json
      hash: md5
      md5: 9b206186b1edc91b6a031cb2fa25d23e
      size: 80708
  evaluate_rag:
    cmd: python evaluate_rag.py
    deps:
    - path: data/ground_truth
      hash: md5
      md5: 7b8852d7b0bfdedbe15110623dd23aec.dir
      size: 58589
      nfiles: 15
    - path: data/processed/requirement_chunks.json
      hash: md5
      md5: 9b206186b1edc91b6a031cb2fa25d23e
      size: 80708
    - path: evaluate_rag.py
      hash: md5
      md5: a5b1509366bec0b7687c6eaa1cf7c8dc
      size: 12406
    - path: evaluation
      hash: md5
      md5: b50250c57db11e716c1171d43c1c4552.dir
      size: 48091
      nfiles: 14
    params:
      params.yaml:
        evaluation:
          random_seed: 42
          llm_model: gpt-4o-mini
          llm_temperature: 0
          mlflow_experiment: rag_evaluation
          metrics_output: metrics/rag_eval.json
          case_selector: 1
          ground_truth:
          - name: Evaluation1
            document_path: 
              data/ground_truth/raw_data/Evaluation1/documentation.txt
            report_path: data/ground_truth/raw_data/Evaluation1/report.CSV
          - name: Evaluation2
            document_path: 
              data/ground_truth/raw_data/Evaluation2/documentation.txt
            report_path: data/ground_truth/raw_data/Evaluation2/report.CSV
          - name: Evaluation3
            document_path: 
              data/ground_truth/raw_data/Evaluation3/documentation.txt
            report_path: data/ground_truth/raw_data/Evaluation3/report.CSV
          - name: Evaluation4
            document_path: 
              data/ground_truth/raw_data/Evaluation4/documentation.txt
            report_path: data/ground_truth/raw_data/Evaluation4/report.CSV
    outs:
    - path: metrics/rag_eval.json
      hash: md5
      md5: a75d6b5a45dcdf57ba3549518f734a40
      size: 1077
