schema: '2.0'
stages:
  ingest:
    cmd:
    - python ingestion/data_ingestion.py
    deps:
    - path: data/raw_data/
      hash: md5
      md5: f941a48344d6b4813c536e7eeb258564.dir
      size: 3911604
      nfiles: 4
    - path: ingestion/
      hash: md5
      md5: 7349d1a2f22f5b841d0fa5407a9e4739.dir
      size: 36255
      nfiles: 5
    params:
      params.yaml:
        ingestion:
          chunk_size: 1000
          chunk_overlap: 150
          raw_data_dir: data/raw_data
          processed_data_dir: data/processed
    outs:
    - path: data/processed/requirement_chunks.json
      hash: md5
      md5: c0cbb5c39588bd0f0d5b5c4ac9023501
      size: 211185
  vectorize:
    cmd: python vectorize_data.py
    deps:
    - path: data/processed/chunks.json
      hash: md5
      md5: b426f8e5c32715ed06db971d761bc9db
      size: 983985
    - path: vectorize_data.py
      hash: md5
      md5: 89c0351df93af62a78ea27a7cd95b0b0
      size: 5643
    params:
      params.yaml:
        vectorization:
          model_name: all-MiniLM-L6-v2
          collection_name: legal_docs
          vector_index_path: data/processed/vector_index
    outs:
    - path: data/processed/vector_index
      hash: md5
      md5: 6db0afb58a5ec62ad39b9f5431925851.dir
      size: 4678190
      nfiles: 4
  precompute_rag:
    cmd: python precompute_rag.py
    deps:
    - path: data/mapping.json
      hash: md5
      md5: 69351bcd3ca7db431ca50d43bd2a6820
      size: 13552
    - path: data/processed/vector_index
      hash: md5
      md5: 6db0afb58a5ec62ad39b9f5431925851.dir
      size: 4678190
      nfiles: 4
    - path: precompute_rag.py
      hash: md5
      md5: f35371c1af7262b79650b6d679fd06de
      size: 7124
    params:
      params.yaml:
        ingestion:
          chunk_size: 1000
          chunk_overlap: 150
          raw_data_dir: data/raw_data
          processed_data_dir: data/processed
        vectorization:
          model_name: all-MiniLM-L6-v2
          collection_name: legal_docs
          vector_index_path: data/processed/vector_index
    outs:
    - path: data/processed/requirement_chunks.json
      hash: md5
      md5: 26696b751ddbf98000d396e6a7383ac7
      size: 96634
  evaluate_rag:
    cmd: python evaluate_rag.py
    deps:
    - path: data/ground_truth
      hash: md5
      md5: d14ab41908475195e2eaa957efb5e0a4.dir
      size: 58578
      nfiles: 13
    - path: data/processed/requirement_chunks.json
      hash: md5
      md5: 26696b751ddbf98000d396e6a7383ac7
      size: 96634
    - path: evaluate_rag.py
      hash: md5
      md5: 60af817d1f4a4fd37be1c17327b8393d
      size: 17577
    - path: evaluation/
      hash: md5
      md5: f78c193b96e4a80daa61cc58d87e9dc2.dir
      size: 47845
      nfiles: 13
    params:
      params.yaml:
        evaluation:
          llm_model: gpt-4o-mini
          llm_temperature: 0.0
          mlflow_experiment: rag_evaluation
          case_selector: 1
          ground_truth:
          - name: Evaluation1
            document_path: 
              data/ground_truth/raw_data/Evaluation1/documentation.txt
            report_path: data/ground_truth/raw_data/Evaluation1/report.CSV
          - name: Evaluation2
            document_path: 
              data/ground_truth/raw_data/Evaluation2/documentation.txt
            report_path: data/ground_truth/raw_data/Evaluation2/report.CSV
          - name: Evaluation3
            document_path: 
              data/ground_truth/raw_data/Evaluation3/documentation.txt
            report_path: data/ground_truth/raw_data/Evaluation3/report.CSV
          - name: Evaluation4
            document_path: 
              data/ground_truth/raw_data/Evaluation4/documentation.txt
            report_path: data/ground_truth/raw_data/Evaluation4/report.CSV
        llm:
          llm_model: gpt-4o-mini
          llm_temperature: 0.0
    outs:
    - path: metrics/rag_eval.json
      hash: md5
      md5: b51ebe53af48bce87e5f297cf0b8a468
      size: 1233
    - path: metrics/ragas_records.json
      hash: md5
      md5: 4175ba01491002a34866a0270e549ebf
      size: 112852
